
Microsoft Visual Studio Solution File, Format Version 12.00
# Visual Studio 15
VisualStudioVersion = 15.0.28307.757
MinimumVisualStudioVersion = 10.0.40219.1
Project("{FAE04EC0-301F-11D3-BF4B-00C04F79EFBC}") = "NewsPortal", "NewsPortal\NewsPortal.csproj", "{33CB1675-1B9F-4B60-A784-0F5811B92F63}"
EndProject
Project("{FAE04EC0-301F-11D3-BF4B-00C04F79EFBC}") = "NewsPortal.Data", "NewsPortal.Data\NewsPortal.Data.csproj", "{1857D751-7CC8-4D1F-9182-0613B38A418A}"
EndProject
Project("{FAE04EC0-301F-11D3-BF4B-00C04F79EFBC}") = "NewsPortal.Domain", "NewsPortal.Domain\NewsPortal.Domain.csproj", "{D1121631-B022-488F-891A-05056C10124B}"
EndProject
Project("{FAE04EC0-301F-11D3-BF4B-00C04F79EFBC}") = "NewsPortal.Models", "NewsPortal.Models\NewsPortal.Models.csproj", "{448A921E-BFFF-4B09-8142-941E4EDF0C60}"
EndProject
Project("{2150E333-8FDC-42A3-9474-1A3956D46DE8}") = "Tests", "Tests", "{489EDDCE-DBBE-43B1-93C5-5A05688A7DE1}"
EndProject
Global
	GlobalSection(SolutionConfigurationPlatforms) = preSolution
		Debug|Any CPU = Debug|Any CPU
		Release|Any CPU = Release|Any CPU
	EndGlobalSection
	GlobalSection(ProjectConfigurationPlatforms) = postSolution
		{33CB1675-1B9F-4B60-A784-0F5811B92F63}.Debug|Any CPU.ActiveCfg = Debug|Any CPU
		{33CB1675-1B9F-4B60-A784-0F5811B92F63}.Debug|Any CPU.Build.0 = Debug|Any CPU
		{33CB1675-1B9F-4B60-A784-0F5811B92F63}.Release|Any CPU.ActiveCfg = Release|Any CPU
		{33CB1675-1B9F-4B60-A784-0F5811B92F63}.Release|Any CPU.Build.0 = Release|Any CPU
		{1857D751-7CC8-4D1F-9182-0613B38A418A}.Debug|Any CPU.ActiveCfg = Debug|Any CPU
		{1857D751-7CC8-4D1F-9182-0613B38A418A}.Debug|Any CPU.Build.0 = Debug|Any CPU
		{1857D751-7CC8-4D1F-9182-0613B38A418A}.Release|Any CPU.ActiveCfg = Release|Any CPU
		{1857D751-7CC8-4D1F-9182-0613B38A418A}.Release|Any CPU.Build.0 = Release|Any CPU
		{D1121631-B022-488F-891A-05056C10124B}.Debug|Any CPU.ActiveCfg = Debug|Any CPU
		{D1121631-B022-488F-891A-05056C10124B}.Debug|Any CPU.Build.0 = Debug|Any CPU
		{D1121631-B022-488F-891A-05056C10124B}.Release|Any CPU.ActiveCfg = Release|Any CPU
		{D1121631-B022-488F-891A-05056C10124B}.Release|Any CPU.Build.0 = Release|Any CPU
		{448A921E-BFFF-4B09-8142-941E4EDF0C60}.Debug|Any CPU.ActiveCfg = Debug|Any CPU
		{448A921E-BFFF-4B09-8142-941E4EDF0C60}.Debug|Any CPU.Build.0 = Debug|Any CPU
		{448A921E-BFFF-4B09-8142-941E4EDF0C60}.Release|Any CPU.ActiveCfg = Release|Any CPU
		{448A921E-BFFF-4B09-8142-941E4EDF0C60}.Release|Any CPU.Build.0 = Release|Any CPU
	EndGlobalSection
	GlobalSection(SolutionProperties) = preSolution
		HideSolutionNode = FALSE
	EndGlobalSection
	GlobalSection(ExtensibilityGlobals) = postSolution
		SolutionGuid = {B542FAA9-A4F2-4479-BA6F-75CCC5962E9B}
	EndGlobalSection
EndGlobal
